// !$*UTF8*$!
{
	archiveVersion = 1;
	classes = {
	};
	objectVersion = 55;
	objects = {

/* Begin PBXBuildFile section */
		B4ACEC0E28939D130092CE08 /* CoreDataProductResponseStorage.swift in Sources */ = {isa = PBXBuildFile; fileRef = B4ACEC0D28939D130092CE08 /* CoreDataProductResponseStorage.swift */; };
		B4ACEC1128939D650092CE08 /* CoreDataStack.swift in Sources */ = {isa = PBXBuildFile; fileRef = B4ACEC1028939D650092CE08 /* CoreDataStack.swift */; };
		B4ACEC172893A5D50092CE08 /* ProductModel.xcdatamodeld in Sources */ = {isa = PBXBuildFile; fileRef = B4ACEC152893A5D50092CE08 /* ProductModel.xcdatamodeld */; };
		B4ACEC1E2893B3F80092CE08 /* CDProduct+CoreDataClass.swift in Sources */ = {isa = PBXBuildFile; fileRef = B4ACEC1C2893B3F80092CE08 /* CDProduct+CoreDataClass.swift */; };
		B4ACEC1F2893B3F80092CE08 /* CDProduct+CoreDataProperties.swift in Sources */ = {isa = PBXBuildFile; fileRef = B4ACEC1D2893B3F80092CE08 /* CDProduct+CoreDataProperties.swift */; };
		B4ACEC212893BFF00092CE08 /* StorageError.swift in Sources */ = {isa = PBXBuildFile; fileRef = B4ACEC202893BFF00092CE08 /* StorageError.swift */; };
		B4ACEC2328941B450092CE08 /* NetworkError.swift in Sources */ = {isa = PBXBuildFile; fileRef = B4ACEC2228941B450092CE08 /* NetworkError.swift */; };
		B4C662282894FE8600245485 /* ProductViewController.swift in Sources */ = {isa = PBXBuildFile; fileRef = B4C662272894FE8600245485 /* ProductViewController.swift */; };
		B4C6622B2895041100245485 /* ProductMainCell.swift in Sources */ = {isa = PBXBuildFile; fileRef = B4C6622A2895041100245485 /* ProductMainCell.swift */; };
		B4C6622D2897A3AE00245485 /* AppInfoCell.swift in Sources */ = {isa = PBXBuildFile; fileRef = B4C6622C2897A3AE00245485 /* AppInfoCell.swift */; };
		B4C6622F2897A5D200245485 /* AppInfoCollectionViewCell.swift in Sources */ = {isa = PBXBuildFile; fileRef = B4C6622E2897A5D200245485 /* AppInfoCollectionViewCell.swift */; };
		B4F2F7E12892E379008EE927 /* AppDelegate.swift in Sources */ = {isa = PBXBuildFile; fileRef = B4F2F7E02892E379008EE927 /* AppDelegate.swift */; };
		B4F2F7E32892E379008EE927 /* SceneDelegate.swift in Sources */ = {isa = PBXBuildFile; fileRef = B4F2F7E22892E379008EE927 /* SceneDelegate.swift */; };
		B4F2F7E52892E379008EE927 /* ViewController.swift in Sources */ = {isa = PBXBuildFile; fileRef = B4F2F7E42892E379008EE927 /* ViewController.swift */; };
		B4F2F7EA2892E37A008EE927 /* Assets.xcassets in Resources */ = {isa = PBXBuildFile; fileRef = B4F2F7E92892E37A008EE927 /* Assets.xcassets */; };
		B4F2F7ED2892E37A008EE927 /* LaunchScreen.storyboard in Resources */ = {isa = PBXBuildFile; fileRef = B4F2F7EB2892E37A008EE927 /* LaunchScreen.storyboard */; };
		B4F2F7F72892E4E2008EE927 /* Product.swift in Sources */ = {isa = PBXBuildFile; fileRef = B4F2F7F62892E4E2008EE927 /* Product.swift */; };
		B4F2F7FA2892E70E008EE927 /* ProductRepository.swift in Sources */ = {isa = PBXBuildFile; fileRef = B4F2F7F92892E70E008EE927 /* ProductRepository.swift */; };
		B4F2F7FC2892E774008EE927 /* ImageRepository.swift in Sources */ = {isa = PBXBuildFile; fileRef = B4F2F7FB2892E774008EE927 /* ImageRepository.swift */; };
		B4F2F7FF2892E955008EE927 /* FetchProductUseCase.swift in Sources */ = {isa = PBXBuildFile; fileRef = B4F2F7FE2892E955008EE927 /* FetchProductUseCase.swift */; };
		B4F2F8012892E96C008EE927 /* DownloadImageUseCase.swift in Sources */ = {isa = PBXBuildFile; fileRef = B4F2F8002892E96C008EE927 /* DownloadImageUseCase.swift */; };
		B4F2F8062892EE94008EE927 /* ProductResponseDTO.swift in Sources */ = {isa = PBXBuildFile; fileRef = B4F2F8052892EE94008EE927 /* ProductResponseDTO.swift */; };
		B4F2F8082892EFED008EE927 /* NetworkService.swift in Sources */ = {isa = PBXBuildFile; fileRef = B4F2F8072892EFED008EE927 /* NetworkService.swift */; };
		B4F2F80B2892F0F0008EE927 /* DefaultProductRepository.swift in Sources */ = {isa = PBXBuildFile; fileRef = B4F2F80A2892F0F0008EE927 /* DefaultProductRepository.swift */; };
		B4F2F80E2892F18C008EE927 /* ProductResponseStorage.swift in Sources */ = {isa = PBXBuildFile; fileRef = B4F2F80D2892F18C008EE927 /* ProductResponseStorage.swift */; };
		B4F2F8102892F46F008EE927 /* ProductResponse.swift in Sources */ = {isa = PBXBuildFile; fileRef = B4F2F80F2892F46F008EE927 /* ProductResponse.swift */; };
/* End PBXBuildFile section */

/* Begin PBXFileReference section */
		B4ACEC0D28939D130092CE08 /* CoreDataProductResponseStorage.swift */ = {isa = PBXFileReference; lastKnownFileType = sourcecode.swift; path = CoreDataProductResponseStorage.swift; sourceTree = "<group>"; };
		B4ACEC1028939D650092CE08 /* CoreDataStack.swift */ = {isa = PBXFileReference; lastKnownFileType = sourcecode.swift; path = CoreDataStack.swift; sourceTree = "<group>"; };
		B4ACEC162893A5D50092CE08 /* ProductModel.xcdatamodel */ = {isa = PBXFileReference; lastKnownFileType = wrapper.xcdatamodel; path = ProductModel.xcdatamodel; sourceTree = "<group>"; };
		B4ACEC1C2893B3F80092CE08 /* CDProduct+CoreDataClass.swift */ = {isa = PBXFileReference; lastKnownFileType = sourcecode.swift; path = "CDProduct+CoreDataClass.swift"; sourceTree = "<group>"; };
		B4ACEC1D2893B3F80092CE08 /* CDProduct+CoreDataProperties.swift */ = {isa = PBXFileReference; lastKnownFileType = sourcecode.swift; path = "CDProduct+CoreDataProperties.swift"; sourceTree = "<group>"; };
		B4ACEC202893BFF00092CE08 /* StorageError.swift */ = {isa = PBXFileReference; lastKnownFileType = sourcecode.swift; path = StorageError.swift; sourceTree = "<group>"; };
		B4ACEC2228941B450092CE08 /* NetworkError.swift */ = {isa = PBXFileReference; lastKnownFileType = sourcecode.swift; path = NetworkError.swift; sourceTree = "<group>"; };
		B4C662272894FE8600245485 /* ProductViewController.swift */ = {isa = PBXFileReference; lastKnownFileType = sourcecode.swift; path = ProductViewController.swift; sourceTree = "<group>"; };
		B4C6622A2895041100245485 /* ProductMainCell.swift */ = {isa = PBXFileReference; lastKnownFileType = sourcecode.swift; path = ProductMainCell.swift; sourceTree = "<group>"; };
		B4C6622C2897A3AE00245485 /* AppInfoCell.swift */ = {isa = PBXFileReference; lastKnownFileType = sourcecode.swift; path = AppInfoCell.swift; sourceTree = "<group>"; };
		B4C6622E2897A5D200245485 /* AppInfoCollectionViewCell.swift */ = {isa = PBXFileReference; lastKnownFileType = sourcecode.swift; path = AppInfoCollectionViewCell.swift; sourceTree = "<group>"; };
		B4F2F7DD2892E379008EE927 /* Befam.app */ = {isa = PBXFileReference; explicitFileType = wrapper.application; includeInIndex = 0; path = Befam.app; sourceTree = BUILT_PRODUCTS_DIR; };
		B4F2F7E02892E379008EE927 /* AppDelegate.swift */ = {isa = PBXFileReference; lastKnownFileType = sourcecode.swift; path = AppDelegate.swift; sourceTree = "<group>"; };
		B4F2F7E22892E379008EE927 /* SceneDelegate.swift */ = {isa = PBXFileReference; lastKnownFileType = sourcecode.swift; path = SceneDelegate.swift; sourceTree = "<group>"; };
		B4F2F7E42892E379008EE927 /* ViewController.swift */ = {isa = PBXFileReference; lastKnownFileType = sourcecode.swift; path = ViewController.swift; sourceTree = "<group>"; };
		B4F2F7E92892E37A008EE927 /* Assets.xcassets */ = {isa = PBXFileReference; lastKnownFileType = folder.assetcatalog; path = Assets.xcassets; sourceTree = "<group>"; };
		B4F2F7EC2892E37A008EE927 /* Base */ = {isa = PBXFileReference; lastKnownFileType = file.storyboard; name = Base; path = Base.lproj/LaunchScreen.storyboard; sourceTree = "<group>"; };
		B4F2F7EE2892E37A008EE927 /* Info.plist */ = {isa = PBXFileReference; lastKnownFileType = text.plist.xml; path = Info.plist; sourceTree = "<group>"; };
		B4F2F7F62892E4E2008EE927 /* Product.swift */ = {isa = PBXFileReference; lastKnownFileType = sourcecode.swift; path = Product.swift; sourceTree = "<group>"; };
		B4F2F7F92892E70E008EE927 /* ProductRepository.swift */ = {isa = PBXFileReference; lastKnownFileType = sourcecode.swift; path = ProductRepository.swift; sourceTree = "<group>"; };
		B4F2F7FB2892E774008EE927 /* ImageRepository.swift */ = {isa = PBXFileReference; lastKnownFileType = sourcecode.swift; path = ImageRepository.swift; sourceTree = "<group>"; };
		B4F2F7FE2892E955008EE927 /* FetchProductUseCase.swift */ = {isa = PBXFileReference; lastKnownFileType = sourcecode.swift; path = FetchProductUseCase.swift; sourceTree = "<group>"; };
		B4F2F8002892E96C008EE927 /* DownloadImageUseCase.swift */ = {isa = PBXFileReference; lastKnownFileType = sourcecode.swift; path = DownloadImageUseCase.swift; sourceTree = "<group>"; };
		B4F2F8052892EE94008EE927 /* ProductResponseDTO.swift */ = {isa = PBXFileReference; lastKnownFileType = sourcecode.swift; path = ProductResponseDTO.swift; sourceTree = "<group>"; };
		B4F2F8072892EFED008EE927 /* NetworkService.swift */ = {isa = PBXFileReference; lastKnownFileType = sourcecode.swift; path = NetworkService.swift; sourceTree = "<group>"; };
		B4F2F80A2892F0F0008EE927 /* DefaultProductRepository.swift */ = {isa = PBXFileReference; lastKnownFileType = sourcecode.swift; path = DefaultProductRepository.swift; sourceTree = "<group>"; };
		B4F2F80D2892F18C008EE927 /* ProductResponseStorage.swift */ = {isa = PBXFileReference; lastKnownFileType = sourcecode.swift; path = ProductResponseStorage.swift; sourceTree = "<group>"; };
		B4F2F80F2892F46F008EE927 /* ProductResponse.swift */ = {isa = PBXFileReference; lastKnownFileType = sourcecode.swift; path = ProductResponse.swift; sourceTree = "<group>"; };
/* End PBXFileReference section */

/* Begin PBXFrameworksBuildPhase section */
		B4F2F7DA2892E379008EE927 /* Frameworks */ = {
			isa = PBXFrameworksBuildPhase;
			buildActionMask = 2147483647;
			files = (
			);
			runOnlyForDeploymentPostprocessing = 0;
		};
/* End PBXFrameworksBuildPhase section */

/* Begin PBXGroup section */
		B43D8BD328943A480065C382 /* Presentation */ = {
			isa = PBXGroup;
			children = (
				B43D8BD428943A740065C382 /* ProductScene */,
			);
			path = Presentation;
			sourceTree = "<group>";
		};
		B43D8BD428943A740065C382 /* ProductScene */ = {
			isa = PBXGroup;
			children = (
				B4C662272894FE8600245485 /* ProductViewController.swift */,
				B4C66229289503FF00245485 /* Cells */,
			);
			path = ProductScene;
			sourceTree = "<group>";
		};
		B4ACEC0F28939D550092CE08 /* CoreDataStorage */ = {
			isa = PBXGroup;
			children = (
				B4ACEC1C2893B3F80092CE08 /* CDProduct+CoreDataClass.swift */,
				B4ACEC1D2893B3F80092CE08 /* CDProduct+CoreDataProperties.swift */,
				B4ACEC1028939D650092CE08 /* CoreDataStack.swift */,
				B4ACEC152893A5D50092CE08 /* ProductModel.xcdatamodeld */,
			);
			path = CoreDataStorage;
			sourceTree = "<group>";
		};
		B4C66229289503FF00245485 /* Cells */ = {
			isa = PBXGroup;
			children = (
				B4C6622A2895041100245485 /* ProductMainCell.swift */,
				B4C6622C2897A3AE00245485 /* AppInfoCell.swift */,
				B4C6622E2897A5D200245485 /* AppInfoCollectionViewCell.swift */,
			);
			path = Cells;
			sourceTree = "<group>";
		};
		B4F2F7D42892E379008EE927 = {
			isa = PBXGroup;
			children = (
				B4F2F7DF2892E379008EE927 /* Befam */,
				B4F2F7DE2892E379008EE927 /* Products */,
			);
			sourceTree = "<group>";
		};
		B4F2F7DE2892E379008EE927 /* Products */ = {
			isa = PBXGroup;
			children = (
				B4F2F7DD2892E379008EE927 /* Befam.app */,
			);
			name = Products;
			sourceTree = "<group>";
		};
		B4F2F7DF2892E379008EE927 /* Befam */ = {
			isa = PBXGroup;
			children = (
				B43D8BD328943A480065C382 /* Presentation */,
				B4F2F8022892EE73008EE927 /* Data */,
				B4F2F7F42892E4D3008EE927 /* Domain */,
				B4F2F7E02892E379008EE927 /* AppDelegate.swift */,
				B4F2F7E22892E379008EE927 /* SceneDelegate.swift */,
				B4F2F7E42892E379008EE927 /* ViewController.swift */,
				B4F2F7E92892E37A008EE927 /* Assets.xcassets */,
				B4F2F7EB2892E37A008EE927 /* LaunchScreen.storyboard */,
				B4F2F7EE2892E37A008EE927 /* Info.plist */,
			);
			path = Befam;
			sourceTree = "<group>";
		};
		B4F2F7F42892E4D3008EE927 /* Domain */ = {
			isa = PBXGroup;
			children = (
				B4F2F7FD2892E949008EE927 /* UseCases */,
				B4F2F7F82892E6EE008EE927 /* Repositories */,
				B4F2F7F52892E4D5008EE927 /* Entities */,
			);
			path = Domain;
			sourceTree = "<group>";
		};
		B4F2F7F52892E4D5008EE927 /* Entities */ = {
			isa = PBXGroup;
			children = (
				B4F2F7F62892E4E2008EE927 /* Product.swift */,
				B4F2F80F2892F46F008EE927 /* ProductResponse.swift */,
			);
			path = Entities;
			sourceTree = "<group>";
		};
		B4F2F7F82892E6EE008EE927 /* Repositories */ = {
			isa = PBXGroup;
			children = (
				B4F2F7F92892E70E008EE927 /* ProductRepository.swift */,
				B4F2F7FB2892E774008EE927 /* ImageRepository.swift */,
			);
			path = Repositories;
			sourceTree = "<group>";
		};
		B4F2F7FD2892E949008EE927 /* UseCases */ = {
			isa = PBXGroup;
			children = (
				B4F2F7FE2892E955008EE927 /* FetchProductUseCase.swift */,
				B4F2F8002892E96C008EE927 /* DownloadImageUseCase.swift */,
			);
			path = UseCases;
			sourceTree = "<group>";
		};
		B4F2F8022892EE73008EE927 /* Data */ = {
			isa = PBXGroup;
			children = (
				B4F2F80C2892F150008EE927 /* PersistentStorage */,
				B4F2F8092892F0DD008EE927 /* Repositories */,
				B4F2F8032892EE76008EE927 /* Network */,
			);
			path = Data;
			sourceTree = "<group>";
		};
		B4F2F8032892EE76008EE927 /* Network */ = {
			isa = PBXGroup;
			children = (
				B4F2F8072892EFED008EE927 /* NetworkService.swift */,
				B4F2F8042892EE79008EE927 /* DataMapping */,
				B4ACEC2228941B450092CE08 /* NetworkError.swift */,
			);
			path = Network;
			sourceTree = "<group>";
		};
		B4F2F8042892EE79008EE927 /* DataMapping */ = {
			isa = PBXGroup;
			children = (
				B4F2F8052892EE94008EE927 /* ProductResponseDTO.swift */,
			);
			path = DataMapping;
			sourceTree = "<group>";
		};
		B4F2F8092892F0DD008EE927 /* Repositories */ = {
			isa = PBXGroup;
			children = (
				B4F2F80A2892F0F0008EE927 /* DefaultProductRepository.swift */,
			);
			path = Repositories;
			sourceTree = "<group>";
		};
		B4F2F80C2892F150008EE927 /* PersistentStorage */ = {
			isa = PBXGroup;
			children = (
				B4ACEC0D28939D130092CE08 /* CoreDataProductResponseStorage.swift */,
				B4F2F80D2892F18C008EE927 /* ProductResponseStorage.swift */,
				B4ACEC202893BFF00092CE08 /* StorageError.swift */,
				B4ACEC0F28939D550092CE08 /* CoreDataStorage */,
			);
			path = PersistentStorage;
			sourceTree = "<group>";
		};
/* End PBXGroup section */

/* Begin PBXNativeTarget section */
		B4F2F7DC2892E379008EE927 /* Befam */ = {
			isa = PBXNativeTarget;
			buildConfigurationList = B4F2F7F12892E37A008EE927 /* Build configuration list for PBXNativeTarget "Befam" */;
			buildPhases = (
				B4F2F7D92892E379008EE927 /* Sources */,
				B4F2F7DA2892E379008EE927 /* Frameworks */,
				B4F2F7DB2892E379008EE927 /* Resources */,
			);
			buildRules = (
			);
			dependencies = (
			);
			name = Befam;
			productName = Befam;
			productReference = B4F2F7DD2892E379008EE927 /* Befam.app */;
			productType = "com.apple.product-type.application";
		};
/* End PBXNativeTarget section */

/* Begin PBXProject section */
		B4F2F7D52892E379008EE927 /* Project object */ = {
			isa = PBXProject;
			attributes = {
				BuildIndependentTargetsInParallel = 1;
				LastSwiftUpdateCheck = 1340;
				LastUpgradeCheck = 1340;
				TargetAttributes = {
					B4F2F7DC2892E379008EE927 = {
						CreatedOnToolsVersion = 13.4.1;
					};
				};
			};
			buildConfigurationList = B4F2F7D82892E379008EE927 /* Build configuration list for PBXProject "Befam" */;
			compatibilityVersion = "Xcode 13.0";
			developmentRegion = en;
			hasScannedForEncodings = 0;
			knownRegions = (
				en,
				Base,
			);
			mainGroup = B4F2F7D42892E379008EE927;
			productRefGroup = B4F2F7DE2892E379008EE927 /* Products */;
			projectDirPath = "";
			projectRoot = "";
			targets = (
				B4F2F7DC2892E379008EE927 /* Befam */,
			);
		};
/* End PBXProject section */

/* Begin PBXResourcesBuildPhase section */
		B4F2F7DB2892E379008EE927 /* Resources */ = {
			isa = PBXResourcesBuildPhase;
			buildActionMask = 2147483647;
			files = (
				B4F2F7ED2892E37A008EE927 /* LaunchScreen.storyboard in Resources */,
				B4F2F7EA2892E37A008EE927 /* Assets.xcassets in Resources */,
			);
			runOnlyForDeploymentPostprocessing = 0;
		};
/* End PBXResourcesBuildPhase section */

/* Begin PBXSourcesBuildPhase section */
		B4F2F7D92892E379008EE927 /* Sources */ = {
			isa = PBXSourcesBuildPhase;
			buildActionMask = 2147483647;
			files = (
				B4ACEC1128939D650092CE08 /* CoreDataStack.swift in Sources */,
				B4F2F8082892EFED008EE927 /* NetworkService.swift in Sources */,
				B4F2F7FF2892E955008EE927 /* FetchProductUseCase.swift in Sources */,
				B4C662282894FE8600245485 /* ProductViewController.swift in Sources */,
				B4ACEC212893BFF00092CE08 /* StorageError.swift in Sources */,
				B4ACEC172893A5D50092CE08 /* ProductModel.xcdatamodeld in Sources */,
				B4ACEC1E2893B3F80092CE08 /* CDProduct+CoreDataClass.swift in Sources */,
				B4F2F8012892E96C008EE927 /* DownloadImageUseCase.swift in Sources */,
				B4F2F7E52892E379008EE927 /* ViewController.swift in Sources */,
				B4F2F8062892EE94008EE927 /* ProductResponseDTO.swift in Sources */,
				B4ACEC2328941B450092CE08 /* NetworkError.swift in Sources */,
				B4C6622D2897A3AE00245485 /* AppInfoCell.swift in Sources */,
				B4ACEC1F2893B3F80092CE08 /* CDProduct+CoreDataProperties.swift in Sources */,
				B4ACEC0E28939D130092CE08 /* CoreDataProductResponseStorage.swift in Sources */,
				B4F2F80E2892F18C008EE927 /* ProductResponseStorage.swift in Sources */,
				B4F2F7FC2892E774008EE927 /* ImageRepository.swift in Sources */,
				B4F2F7FA2892E70E008EE927 /* ProductRepository.swift in Sources */,
				B4F2F8102892F46F008EE927 /* ProductResponse.swift in Sources */,
				B4F2F7F72892E4E2008EE927 /* Product.swift in Sources */,
				B4F2F80B2892F0F0008EE927 /* DefaultProductRepository.swift in Sources */,
				B4F2F7E12892E379008EE927 /* AppDelegate.swift in Sources */,
				B4C6622B2895041100245485 /* ProductMainCell.swift in Sources */,
				B4C6622F2897A5D200245485 /* AppInfoCollectionViewCell.swift in Sources */,
				B4F2F7E32892E379008EE927 /* SceneDelegate.swift in Sources */,
			);
			runOnlyForDeploymentPostprocessing = 0;
		};
/* End PBXSourcesBuildPhase section */

/* Begin PBXVariantGroup section */
		B4F2F7EB2892E37A008EE927 /* LaunchScreen.storyboard */ = {
			isa = PBXVariantGroup;
			children = (
				B4F2F7EC2892E37A008EE927 /* Base */,
			);
			name = LaunchScreen.storyboard;
			sourceTree = "<group>";
		};
/* End PBXVariantGroup section */

/* Begin XCBuildConfiguration section */
		B4F2F7EF2892E37A008EE927 /* Debug */ = {
			isa = XCBuildConfiguration;
			buildSettings = {
				ALWAYS_SEARCH_USER_PATHS = NO;
				CLANG_ANALYZER_NONNULL = YES;
				CLANG_ANALYZER_NUMBER_OBJECT_CONVERSION = YES_AGGRESSIVE;
				CLANG_CXX_LANGUAGE_STANDARD = "gnu++17";
				CLANG_ENABLE_MODULES = YES;
				CLANG_ENABLE_OBJC_ARC = YES;
				CLANG_ENABLE_OBJC_WEAK = YES;
				CLANG_WARN_BLOCK_CAPTURE_AUTORELEASING = YES;
				CLANG_WARN_BOOL_CONVERSION = YES;
				CLANG_WARN_COMMA = YES;
				CLANG_WARN_CONSTANT_CONVERSION = YES;
				CLANG_WARN_DEPRECATED_OBJC_IMPLEMENTATIONS = YES;
				CLANG_WARN_DIRECT_OBJC_ISA_USAGE = YES_ERROR;
				CLANG_WARN_DOCUMENTATION_COMMENTS = YES;
				CLANG_WARN_EMPTY_BODY = YES;
				CLANG_WARN_ENUM_CONVERSION = YES;
				CLANG_WARN_INFINITE_RECURSION = YES;
				CLANG_WARN_INT_CONVERSION = YES;
				CLANG_WARN_NON_LITERAL_NULL_CONVERSION = YES;
				CLANG_WARN_OBJC_IMPLICIT_RETAIN_SELF = YES;
				CLANG_WARN_OBJC_LITERAL_CONVERSION = YES;
				CLANG_WARN_OBJC_ROOT_CLASS = YES_ERROR;
				CLANG_WARN_QUOTED_INCLUDE_IN_FRAMEWORK_HEADER = YES;
				CLANG_WARN_RANGE_LOOP_ANALYSIS = YES;
				CLANG_WARN_STRICT_PROTOTYPES = YES;
				CLANG_WARN_SUSPICIOUS_MOVE = YES;
				CLANG_WARN_UNGUARDED_AVAILABILITY = YES_AGGRESSIVE;
				CLANG_WARN_UNREACHABLE_CODE = YES;
				CLANG_WARN__DUPLICATE_METHOD_MATCH = YES;
				COPY_PHASE_STRIP = NO;
				DEBUG_INFORMATION_FORMAT = dwarf;
				ENABLE_STRICT_OBJC_MSGSEND = YES;
				ENABLE_TESTABILITY = YES;
				GCC_C_LANGUAGE_STANDARD = gnu11;
				GCC_DYNAMIC_NO_PIC = NO;
				GCC_NO_COMMON_BLOCKS = YES;
				GCC_OPTIMIZATION_LEVEL = 0;
				GCC_PREPROCESSOR_DEFINITIONS = (
					"DEBUG=1",
					"$(inherited)",
				);
				GCC_WARN_64_TO_32_BIT_CONVERSION = YES;
				GCC_WARN_ABOUT_RETURN_TYPE = YES_ERROR;
				GCC_WARN_UNDECLARED_SELECTOR = YES;
				GCC_WARN_UNINITIALIZED_AUTOS = YES_AGGRESSIVE;
				GCC_WARN_UNUSED_FUNCTION = YES;
				GCC_WARN_UNUSED_VARIABLE = YES;
				IPHONEOS_DEPLOYMENT_TARGET = 13.0;
				MTL_ENABLE_DEBUG_INFO = INCLUDE_SOURCE;
				MTL_FAST_MATH = YES;
				ONLY_ACTIVE_ARCH = YES;
				SDKROOT = iphoneos;
				SWIFT_ACTIVE_COMPILATION_CONDITIONS = DEBUG;
				SWIFT_OPTIMIZATION_LEVEL = "-Onone";
			};
			name = Debug;
		};
		B4F2F7F02892E37A008EE927 /* Release */ = {
			isa = XCBuildConfiguration;
			buildSettings = {
				ALWAYS_SEARCH_USER_PATHS = NO;
				CLANG_ANALYZER_NONNULL = YES;
				CLANG_ANALYZER_NUMBER_OBJECT_CONVERSION = YES_AGGRESSIVE;
				CLANG_CXX_LANGUAGE_STANDARD = "gnu++17";
				CLANG_ENABLE_MODULES = YES;
				CLANG_ENABLE_OBJC_ARC = YES;
				CLANG_ENABLE_OBJC_WEAK = YES;
				CLANG_WARN_BLOCK_CAPTURE_AUTORELEASING = YES;
				CLANG_WARN_BOOL_CONVERSION = YES;
				CLANG_WARN_COMMA = YES;
				CLANG_WARN_CONSTANT_CONVERSION = YES;
				CLANG_WARN_DEPRECATED_OBJC_IMPLEMENTATIONS = YES;
				CLANG_WARN_DIRECT_OBJC_ISA_USAGE = YES_ERROR;
				CLANG_WARN_DOCUMENTATION_COMMENTS = YES;
				CLANG_WARN_EMPTY_BODY = YES;
				CLANG_WARN_ENUM_CONVERSION = YES;
				CLANG_WARN_INFINITE_RECURSION = YES;
				CLANG_WARN_INT_CONVERSION = YES;
				CLANG_WARN_NON_LITERAL_NULL_CONVERSION = YES;
				CLANG_WARN_OBJC_IMPLICIT_RETAIN_SELF = YES;
				CLANG_WARN_OBJC_LITERAL_CONVERSION = YES;
				CLANG_WARN_OBJC_ROOT_CLASS = YES_ERROR;
				CLANG_WARN_QUOTED_INCLUDE_IN_FRAMEWORK_HEADER = YES;
				CLANG_WARN_RANGE_LOOP_ANALYSIS = YES;
				CLANG_WARN_STRICT_PROTOTYPES = YES;
				CLANG_WARN_SUSPICIOUS_MOVE = YES;
				CLANG_WARN_UNGUARDED_AVAILABILITY = YES_AGGRESSIVE;
				CLANG_WARN_UNREACHABLE_CODE = YES;
				CLANG_WARN__DUPLICATE_METHOD_MATCH = YES;
				COPY_PHASE_STRIP = NO;
				DEBUG_INFORMATION_FORMAT = "dwarf-with-dsym";
				ENABLE_NS_ASSERTIONS = NO;
				ENABLE_STRICT_OBJC_MSGSEND = YES;
				GCC_C_LANGUAGE_STANDARD = gnu11;
				GCC_NO_COMMON_BLOCKS = YES;
				GCC_WARN_64_TO_32_BIT_CONVERSION = YES;
				GCC_WARN_ABOUT_RETURN_TYPE = YES_ERROR;
				GCC_WARN_UNDECLARED_SELECTOR = YES;
				GCC_WARN_UNINITIALIZED_AUTOS = YES_AGGRESSIVE;
				GCC_WARN_UNUSED_FUNCTION = YES;
				GCC_WARN_UNUSED_VARIABLE = YES;
				IPHONEOS_DEPLOYMENT_TARGET = 13.0;
				MTL_ENABLE_DEBUG_INFO = NO;
				MTL_FAST_MATH = YES;
				SDKROOT = iphoneos;
				SWIFT_COMPILATION_MODE = wholemodule;
				SWIFT_OPTIMIZATION_LEVEL = "-O";
				VALIDATE_PRODUCT = YES;
			};
			name = Release;
		};
		B4F2F7F22892E37A008EE927 /* Debug */ = {
			isa = XCBuildConfiguration;
			buildSettings = {
				ASSETCATALOG_COMPILER_APPICON_NAME = AppIcon;
				ASSETCATALOG_COMPILER_GLOBAL_ACCENT_COLOR_NAME = AccentColor;
				CODE_SIGN_STYLE = Automatic;
				CURRENT_PROJECT_VERSION = 1;
				DEVELOPMENT_TEAM = SK9D9HK9A2;
				GENERATE_INFOPLIST_FILE = YES;
				INFOPLIST_FILE = Befam/Info.plist;
				INFOPLIST_KEY_UIApplicationSupportsIndirectInputEvents = YES;
				INFOPLIST_KEY_UILaunchStoryboardName = LaunchScreen;
				INFOPLIST_KEY_UISupportedInterfaceOrientations_iPad = "UIInterfaceOrientationPortrait UIInterfaceOrientationPortraitUpsideDown UIInterfaceOrientationLandscapeLeft UIInterfaceOrientationLandscapeRight";
				INFOPLIST_KEY_UISupportedInterfaceOrientations_iPhone = "UIInterfaceOrientationPortrait UIInterfaceOrientationLandscapeLeft UIInterfaceOrientationLandscapeRight";
				IPHONEOS_DEPLOYMENT_TARGET = 13.0;
				LD_RUNPATH_SEARCH_PATHS = (
					"$(inherited)",
					"@executable_path/Frameworks",
				);
				MARKETING_VERSION = 1.0;
				PRODUCT_BUNDLE_IDENTIFIER = com.howift.Befam;
				PRODUCT_NAME = "$(TARGET_NAME)";
				SWIFT_EMIT_LOC_STRINGS = YES;
				SWIFT_VERSION = 5.0;
				TARGETED_DEVICE_FAMILY = "1,2";
			};
			name = Debug;
		};
		B4F2F7F32892E37A008EE927 /* Release */ = {
			isa = XCBuildConfiguration;
			buildSettings = {
				ASSETCATALOG_COMPILER_APPICON_NAME = AppIcon;
				ASSETCATALOG_COMPILER_GLOBAL_ACCENT_COLOR_NAME = AccentColor;
				CODE_SIGN_STYLE = Automatic;
				CURRENT_PROJECT_VERSION = 1;
				DEVELOPMENT_TEAM = SK9D9HK9A2;
				GENERATE_INFOPLIST_FILE = YES;
				INFOPLIST_FILE = Befam/Info.plist;
				INFOPLIST_KEY_UIApplicationSupportsIndirectInputEvents = YES;
				INFOPLIST_KEY_UILaunchStoryboardName = LaunchScreen;
				INFOPLIST_KEY_UISupportedInterfaceOrientations_iPad = "UIInterfaceOrientationPortrait UIInterfaceOrientationPortraitUpsideDown UIInterfaceOrientationLandscapeLeft UIInterfaceOrientationLandscapeRight";
				INFOPLIST_KEY_UISupportedInterfaceOrientations_iPhone = "UIInterfaceOrientationPortrait UIInterfaceOrientationLandscapeLeft UIInterfaceOrientationLandscapeRight";
				IPHONEOS_DEPLOYMENT_TARGET = 13.0;
				LD_RUNPATH_SEARCH_PATHS = (
					"$(inherited)",
					"@executable_path/Frameworks",
				);
				MARKETING_VERSION = 1.0;
				PRODUCT_BUNDLE_IDENTIFIER = com.howift.Befam;
				PRODUCT_NAME = "$(TARGET_NAME)";
				SWIFT_EMIT_LOC_STRINGS = YES;
				SWIFT_VERSION = 5.0;
				TARGETED_DEVICE_FAMILY = "1,2";
			};
			name = Release;
		};
/* End XCBuildConfiguration section */

/* Begin XCConfigurationList section */
		B4F2F7D82892E379008EE927 /* Build configuration list for PBXProject "Befam" */ = {
			isa = XCConfigurationList;
			buildConfigurations = (
				B4F2F7EF2892E37A008EE927 /* Debug */,
				B4F2F7F02892E37A008EE927 /* Release */,
			);
			defaultConfigurationIsVisible = 0;
			defaultConfigurationName = Release;
		};
		B4F2F7F12892E37A008EE927 /* Build configuration list for PBXNativeTarget "Befam" */ = {
			isa = XCConfigurationList;
			buildConfigurations = (
				B4F2F7F22892E37A008EE927 /* Debug */,
				B4F2F7F32892E37A008EE927 /* Release */,
			);
			defaultConfigurationIsVisible = 0;
			defaultConfigurationName = Release;
		};
/* End XCConfigurationList section */

/* Begin XCVersionGroup section */
		B4ACEC152893A5D50092CE08 /* ProductModel.xcdatamodeld */ = {
			isa = XCVersionGroup;
			children = (
				B4ACEC162893A5D50092CE08 /* ProductModel.xcdatamodel */,
			);
			currentVersion = B4ACEC162893A5D50092CE08 /* ProductModel.xcdatamodel */;
			path = ProductModel.xcdatamodeld;
			sourceTree = "<group>";
			versionGroupType = wrapper.xcdatamodel;
		};
/* End XCVersionGroup section */
	};
	rootObject = B4F2F7D52892E379008EE927 /* Project object */;
}
